
Microsoft Visual Studio Solution File, Format Version 12.00
# Visual Studio 14
VisualStudioVersion = 14.0.25123.0
MinimumVisualStudioVersion = 10.0.40219.1
Project("{FAE04EC0-301F-11D3-BF4B-00C04F79EFBC}") = "Ethereality", "Ethereality\Ethereality.csproj", "{D46225E9-874E-4B79-AB3A-46327423CADA}"
EndProject
Project("{FAE04EC0-301F-11D3-BF4B-00C04F79EFBC}") = "Ethereality.Charting", "Ethereality.Charting\Ethereality.Charting.csproj", "{6F91183C-8922-4489-B7FB-F7A53783D7FF}"
EndProject
Project("{FAE04EC0-301F-11D3-BF4B-00C04F79EFBC}") = "Ethereality.Strategy", "Ethreality.Luminescence\Ethereality.Strategy.csproj", "{1FB44F87-1DF0-48C1-858D-A0F6D572CC17}"
EndProject
Project("{FAE04EC0-301F-11D3-BF4B-00C04F79EFBC}") = "Ethereality.Meteorology", "Ethereality.Meteorology\Ethereality.Meteorology.csproj", "{7CC7F97D-1620-480C-89E6-0D7126BB66CE}"
EndProject
Project("{FAE04EC0-301F-11D3-BF4B-00C04F79EFBC}") = "Ethereality.UDP", "Ethereality.UDP\Ethereality.UDP.csproj", "{3FE78C1E-4AD9-4ED8-B6CF-847BD8D377D0}"
EndProject
Project("{FAE04EC0-301F-11D3-BF4B-00C04F79EFBC}") = "Ethereality.Status", "Ethereality.Status\Ethereality.Status.csproj", "{1FA71D68-47A8-4C70-924A-CB8E425ADEF4}"
EndProject
Project("{FAE04EC0-301F-11D3-BF4B-00C04F79EFBC}") = "Ethereality.Navigation", "Ethereality.Navigation\Ethereality.Navigation.csproj", "{55FFB72E-6504-442A-A136-027C70E05980}"
EndProject
Project("{FAE04EC0-301F-11D3-BF4B-00C04F79EFBC}") = "Ethereality.DataManagement", "Ethereality.DataManagement\Ethereality.DataManagement.csproj", "{0E73E64C-A0F9-451F-9898-F7DAD288B707}"
EndProject
Global
	GlobalSection(SolutionConfigurationPlatforms) = preSolution
		Debug|Any CPU = Debug|Any CPU
		Debug|ARM = Debug|ARM
		Debug|x64 = Debug|x64
		Debug|x86 = Debug|x86
		Release|Any CPU = Release|Any CPU
		Release|ARM = Release|ARM
		Release|x64 = Release|x64
		Release|x86 = Release|x86
	EndGlobalSection
	GlobalSection(ProjectConfigurationPlatforms) = postSolution
		{D46225E9-874E-4B79-AB3A-46327423CADA}.Debug|Any CPU.ActiveCfg = Debug|x86
		{D46225E9-874E-4B79-AB3A-46327423CADA}.Debug|ARM.ActiveCfg = Debug|ARM
		{D46225E9-874E-4B79-AB3A-46327423CADA}.Debug|ARM.Build.0 = Debug|ARM
		{D46225E9-874E-4B79-AB3A-46327423CADA}.Debug|ARM.Deploy.0 = Debug|ARM
		{D46225E9-874E-4B79-AB3A-46327423CADA}.Debug|x64.ActiveCfg = Debug|x64
		{D46225E9-874E-4B79-AB3A-46327423CADA}.Debug|x64.Build.0 = Debug|x64
		{D46225E9-874E-4B79-AB3A-46327423CADA}.Debug|x64.Deploy.0 = Debug|x64
		{D46225E9-874E-4B79-AB3A-46327423CADA}.Debug|x86.ActiveCfg = Debug|x86
		{D46225E9-874E-4B79-AB3A-46327423CADA}.Debug|x86.Build.0 = Debug|x86
		{D46225E9-874E-4B79-AB3A-46327423CADA}.Debug|x86.Deploy.0 = Debug|x86
		{D46225E9-874E-4B79-AB3A-46327423CADA}.Release|Any CPU.ActiveCfg = Release|x86
		{D46225E9-874E-4B79-AB3A-46327423CADA}.Release|ARM.ActiveCfg = Release|ARM
		{D46225E9-874E-4B79-AB3A-46327423CADA}.Release|ARM.Build.0 = Release|ARM
		{D46225E9-874E-4B79-AB3A-46327423CADA}.Release|ARM.Deploy.0 = Release|ARM
		{D46225E9-874E-4B79-AB3A-46327423CADA}.Release|x64.ActiveCfg = Release|x64
		{D46225E9-874E-4B79-AB3A-46327423CADA}.Release|x64.Build.0 = Release|x64
		{D46225E9-874E-4B79-AB3A-46327423CADA}.Release|x64.Deploy.0 = Release|x64
		{D46225E9-874E-4B79-AB3A-46327423CADA}.Release|x86.ActiveCfg = Release|x86
		{D46225E9-874E-4B79-AB3A-46327423CADA}.Release|x86.Build.0 = Release|x86
		{D46225E9-874E-4B79-AB3A-46327423CADA}.Release|x86.Deploy.0 = Release|x86
		{6F91183C-8922-4489-B7FB-F7A53783D7FF}.Debug|Any CPU.ActiveCfg = Debug|Any CPU
		{6F91183C-8922-4489-B7FB-F7A53783D7FF}.Debug|Any CPU.Build.0 = Debug|Any CPU
		{6F91183C-8922-4489-B7FB-F7A53783D7FF}.Debug|ARM.ActiveCfg = Debug|ARM
		{6F91183C-8922-4489-B7FB-F7A53783D7FF}.Debug|ARM.Build.0 = Debug|ARM
		{6F91183C-8922-4489-B7FB-F7A53783D7FF}.Debug|x64.ActiveCfg = Debug|x64
		{6F91183C-8922-4489-B7FB-F7A53783D7FF}.Debug|x64.Build.0 = Debug|x64
		{6F91183C-8922-4489-B7FB-F7A53783D7FF}.Debug|x86.ActiveCfg = Debug|x86
		{6F91183C-8922-4489-B7FB-F7A53783D7FF}.Debug|x86.Build.0 = Debug|x86
		{6F91183C-8922-4489-B7FB-F7A53783D7FF}.Release|Any CPU.ActiveCfg = Release|Any CPU
		{6F91183C-8922-4489-B7FB-F7A53783D7FF}.Release|Any CPU.Build.0 = Release|Any CPU
		{6F91183C-8922-4489-B7FB-F7A53783D7FF}.Release|ARM.ActiveCfg = Release|ARM
		{6F91183C-8922-4489-B7FB-F7A53783D7FF}.Release|ARM.Build.0 = Release|ARM
		{6F91183C-8922-4489-B7FB-F7A53783D7FF}.Release|x64.ActiveCfg = Release|x64
		{6F91183C-8922-4489-B7FB-F7A53783D7FF}.Release|x64.Build.0 = Release|x64
		{6F91183C-8922-4489-B7FB-F7A53783D7FF}.Release|x86.ActiveCfg = Release|x86
		{6F91183C-8922-4489-B7FB-F7A53783D7FF}.Release|x86.Build.0 = Release|x86
		{1FB44F87-1DF0-48C1-858D-A0F6D572CC17}.Debug|Any CPU.ActiveCfg = Debug|Any CPU
		{1FB44F87-1DF0-48C1-858D-A0F6D572CC17}.Debug|Any CPU.Build.0 = Debug|Any CPU
		{1FB44F87-1DF0-48C1-858D-A0F6D572CC17}.Debug|ARM.ActiveCfg = Debug|ARM
		{1FB44F87-1DF0-48C1-858D-A0F6D572CC17}.Debug|ARM.Build.0 = Debug|ARM
		{1FB44F87-1DF0-48C1-858D-A0F6D572CC17}.Debug|x64.ActiveCfg = Debug|x64
		{1FB44F87-1DF0-48C1-858D-A0F6D572CC17}.Debug|x64.Build.0 = Debug|x64
		{1FB44F87-1DF0-48C1-858D-A0F6D572CC17}.Debug|x86.ActiveCfg = Debug|x86
		{1FB44F87-1DF0-48C1-858D-A0F6D572CC17}.Debug|x86.Build.0 = Debug|x86
		{1FB44F87-1DF0-48C1-858D-A0F6D572CC17}.Release|Any CPU.ActiveCfg = Release|Any CPU
		{1FB44F87-1DF0-48C1-858D-A0F6D572CC17}.Release|Any CPU.Build.0 = Release|Any CPU
		{1FB44F87-1DF0-48C1-858D-A0F6D572CC17}.Release|ARM.ActiveCfg = Release|ARM
		{1FB44F87-1DF0-48C1-858D-A0F6D572CC17}.Release|ARM.Build.0 = Release|ARM
		{1FB44F87-1DF0-48C1-858D-A0F6D572CC17}.Release|x64.ActiveCfg = Release|x64
		{1FB44F87-1DF0-48C1-858D-A0F6D572CC17}.Release|x64.Build.0 = Release|x64
		{1FB44F87-1DF0-48C1-858D-A0F6D572CC17}.Release|x86.ActiveCfg = Release|x86
		{1FB44F87-1DF0-48C1-858D-A0F6D572CC17}.Release|x86.Build.0 = Release|x86
		{7CC7F97D-1620-480C-89E6-0D7126BB66CE}.Debug|Any CPU.ActiveCfg = Debug|Any CPU
		{7CC7F97D-1620-480C-89E6-0D7126BB66CE}.Debug|Any CPU.Build.0 = Debug|Any CPU
		{7CC7F97D-1620-480C-89E6-0D7126BB66CE}.Debug|ARM.ActiveCfg = Debug|ARM
		{7CC7F97D-1620-480C-89E6-0D7126BB66CE}.Debug|ARM.Build.0 = Debug|ARM
		{7CC7F97D-1620-480C-89E6-0D7126BB66CE}.Debug|x64.ActiveCfg = Debug|x64
		{7CC7F97D-1620-480C-89E6-0D7126BB66CE}.Debug|x64.Build.0 = Debug|x64
		{7CC7F97D-1620-480C-89E6-0D7126BB66CE}.Debug|x86.ActiveCfg = Debug|x86
		{7CC7F97D-1620-480C-89E6-0D7126BB66CE}.Debug|x86.Build.0 = Debug|x86
		{7CC7F97D-1620-480C-89E6-0D7126BB66CE}.Release|Any CPU.ActiveCfg = Release|Any CPU
		{7CC7F97D-1620-480C-89E6-0D7126BB66CE}.Release|Any CPU.Build.0 = Release|Any CPU
		{7CC7F97D-1620-480C-89E6-0D7126BB66CE}.Release|ARM.ActiveCfg = Release|ARM
		{7CC7F97D-1620-480C-89E6-0D7126BB66CE}.Release|ARM.Build.0 = Release|ARM
		{7CC7F97D-1620-480C-89E6-0D7126BB66CE}.Release|x64.ActiveCfg = Release|x64
		{7CC7F97D-1620-480C-89E6-0D7126BB66CE}.Release|x64.Build.0 = Release|x64
		{7CC7F97D-1620-480C-89E6-0D7126BB66CE}.Release|x86.ActiveCfg = Release|x86
		{7CC7F97D-1620-480C-89E6-0D7126BB66CE}.Release|x86.Build.0 = Release|x86
		{3FE78C1E-4AD9-4ED8-B6CF-847BD8D377D0}.Debug|Any CPU.ActiveCfg = Debug|Any CPU
		{3FE78C1E-4AD9-4ED8-B6CF-847BD8D377D0}.Debug|Any CPU.Build.0 = Debug|Any CPU
		{3FE78C1E-4AD9-4ED8-B6CF-847BD8D377D0}.Debug|ARM.ActiveCfg = Debug|ARM
		{3FE78C1E-4AD9-4ED8-B6CF-847BD8D377D0}.Debug|ARM.Build.0 = Debug|ARM
		{3FE78C1E-4AD9-4ED8-B6CF-847BD8D377D0}.Debug|x64.ActiveCfg = Debug|x64
		{3FE78C1E-4AD9-4ED8-B6CF-847BD8D377D0}.Debug|x64.Build.0 = Debug|x64
		{3FE78C1E-4AD9-4ED8-B6CF-847BD8D377D0}.Debug|x86.ActiveCfg = Debug|x86
		{3FE78C1E-4AD9-4ED8-B6CF-847BD8D377D0}.Debug|x86.Build.0 = Debug|x86
		{3FE78C1E-4AD9-4ED8-B6CF-847BD8D377D0}.Release|Any CPU.ActiveCfg = Release|Any CPU
		{3FE78C1E-4AD9-4ED8-B6CF-847BD8D377D0}.Release|Any CPU.Build.0 = Release|Any CPU
		{3FE78C1E-4AD9-4ED8-B6CF-847BD8D377D0}.Release|ARM.ActiveCfg = Release|ARM
		{3FE78C1E-4AD9-4ED8-B6CF-847BD8D377D0}.Release|ARM.Build.0 = Release|ARM
		{3FE78C1E-4AD9-4ED8-B6CF-847BD8D377D0}.Release|x64.ActiveCfg = Release|x64
		{3FE78C1E-4AD9-4ED8-B6CF-847BD8D377D0}.Release|x64.Build.0 = Release|x64
		{3FE78C1E-4AD9-4ED8-B6CF-847BD8D377D0}.Release|x86.ActiveCfg = Release|x86
		{3FE78C1E-4AD9-4ED8-B6CF-847BD8D377D0}.Release|x86.Build.0 = Release|x86
		{1FA71D68-47A8-4C70-924A-CB8E425ADEF4}.Debug|Any CPU.ActiveCfg = Debug|Any CPU
		{1FA71D68-47A8-4C70-924A-CB8E425ADEF4}.Debug|Any CPU.Build.0 = Debug|Any CPU
		{1FA71D68-47A8-4C70-924A-CB8E425ADEF4}.Debug|ARM.ActiveCfg = Debug|ARM
		{1FA71D68-47A8-4C70-924A-CB8E425ADEF4}.Debug|ARM.Build.0 = Debug|ARM
		{1FA71D68-47A8-4C70-924A-CB8E425ADEF4}.Debug|x64.ActiveCfg = Debug|x64
		{1FA71D68-47A8-4C70-924A-CB8E425ADEF4}.Debug|x64.Build.0 = Debug|x64
		{1FA71D68-47A8-4C70-924A-CB8E425ADEF4}.Debug|x86.ActiveCfg = Debug|x86
		{1FA71D68-47A8-4C70-924A-CB8E425ADEF4}.Debug|x86.Build.0 = Debug|x86
		{1FA71D68-47A8-4C70-924A-CB8E425ADEF4}.Release|Any CPU.ActiveCfg = Release|Any CPU
		{1FA71D68-47A8-4C70-924A-CB8E425ADEF4}.Release|Any CPU.Build.0 = Release|Any CPU
		{1FA71D68-47A8-4C70-924A-CB8E425ADEF4}.Release|ARM.ActiveCfg = Release|ARM
		{1FA71D68-47A8-4C70-924A-CB8E425ADEF4}.Release|ARM.Build.0 = Release|ARM
		{1FA71D68-47A8-4C70-924A-CB8E425ADEF4}.Release|x64.ActiveCfg = Release|x64
		{1FA71D68-47A8-4C70-924A-CB8E425ADEF4}.Release|x64.Build.0 = Release|x64
		{1FA71D68-47A8-4C70-924A-CB8E425ADEF4}.Release|x86.ActiveCfg = Release|x86
		{1FA71D68-47A8-4C70-924A-CB8E425ADEF4}.Release|x86.Build.0 = Release|x86
		{55FFB72E-6504-442A-A136-027C70E05980}.Debug|Any CPU.ActiveCfg = Debug|Any CPU
		{55FFB72E-6504-442A-A136-027C70E05980}.Debug|Any CPU.Build.0 = Debug|Any CPU
		{55FFB72E-6504-442A-A136-027C70E05980}.Debug|ARM.ActiveCfg = Debug|ARM
		{55FFB72E-6504-442A-A136-027C70E05980}.Debug|ARM.Build.0 = Debug|ARM
		{55FFB72E-6504-442A-A136-027C70E05980}.Debug|x64.ActiveCfg = Debug|x64
		{55FFB72E-6504-442A-A136-027C70E05980}.Debug|x64.Build.0 = Debug|x64
		{55FFB72E-6504-442A-A136-027C70E05980}.Debug|x86.ActiveCfg = Debug|x86
		{55FFB72E-6504-442A-A136-027C70E05980}.Debug|x86.Build.0 = Debug|x86
		{55FFB72E-6504-442A-A136-027C70E05980}.Release|Any CPU.ActiveCfg = Release|Any CPU
		{55FFB72E-6504-442A-A136-027C70E05980}.Release|Any CPU.Build.0 = Release|Any CPU
		{55FFB72E-6504-442A-A136-027C70E05980}.Release|ARM.ActiveCfg = Release|ARM
		{55FFB72E-6504-442A-A136-027C70E05980}.Release|ARM.Build.0 = Release|ARM
		{55FFB72E-6504-442A-A136-027C70E05980}.Release|x64.ActiveCfg = Release|x64
		{55FFB72E-6504-442A-A136-027C70E05980}.Release|x64.Build.0 = Release|x64
		{55FFB72E-6504-442A-A136-027C70E05980}.Release|x86.ActiveCfg = Release|x86
		{55FFB72E-6504-442A-A136-027C70E05980}.Release|x86.Build.0 = Release|x86
		{0E73E64C-A0F9-451F-9898-F7DAD288B707}.Debug|Any CPU.ActiveCfg = Debug|Any CPU
		{0E73E64C-A0F9-451F-9898-F7DAD288B707}.Debug|Any CPU.Build.0 = Debug|Any CPU
		{0E73E64C-A0F9-451F-9898-F7DAD288B707}.Debug|ARM.ActiveCfg = Debug|ARM
		{0E73E64C-A0F9-451F-9898-F7DAD288B707}.Debug|ARM.Build.0 = Debug|ARM
		{0E73E64C-A0F9-451F-9898-F7DAD288B707}.Debug|x64.ActiveCfg = Debug|x64
		{0E73E64C-A0F9-451F-9898-F7DAD288B707}.Debug|x64.Build.0 = Debug|x64
		{0E73E64C-A0F9-451F-9898-F7DAD288B707}.Debug|x86.ActiveCfg = Debug|x86
		{0E73E64C-A0F9-451F-9898-F7DAD288B707}.Debug|x86.Build.0 = Debug|x86
		{0E73E64C-A0F9-451F-9898-F7DAD288B707}.Release|Any CPU.ActiveCfg = Release|Any CPU
		{0E73E64C-A0F9-451F-9898-F7DAD288B707}.Release|Any CPU.Build.0 = Release|Any CPU
		{0E73E64C-A0F9-451F-9898-F7DAD288B707}.Release|ARM.ActiveCfg = Release|ARM
		{0E73E64C-A0F9-451F-9898-F7DAD288B707}.Release|ARM.Build.0 = Release|ARM
		{0E73E64C-A0F9-451F-9898-F7DAD288B707}.Release|x64.ActiveCfg = Release|x64
		{0E73E64C-A0F9-451F-9898-F7DAD288B707}.Release|x64.Build.0 = Release|x64
		{0E73E64C-A0F9-451F-9898-F7DAD288B707}.Release|x86.ActiveCfg = Release|x86
		{0E73E64C-A0F9-451F-9898-F7DAD288B707}.Release|x86.Build.0 = Release|x86
	EndGlobalSection
	GlobalSection(SolutionProperties) = preSolution
		HideSolutionNode = FALSE
	EndGlobalSection
EndGlobal
