
Microsoft Visual Studio Solution File, Format Version 12.00
# Visual Studio 14
VisualStudioVersion = 14.0.25420.1
MinimumVisualStudioVersion = 10.0.40219.1
Project("{FAE04EC0-301F-11D3-BF4B-00C04F79EFBC}") = "Ethereality", "Ethereality\Ethereality.csproj", "{D46225E9-874E-4B79-AB3A-46327423CADA}"
EndProject
Project("{FAE04EC0-301F-11D3-BF4B-00C04F79EFBC}") = "Ethereality.Meteorology", "Ethereality.Meteorology\Ethereality.Meteorology.csproj", "{7CC7F97D-1620-480C-89E6-0D7126BB66CE}"
EndProject
Project("{FAE04EC0-301F-11D3-BF4B-00C04F79EFBC}") = "Ethereality.UDP", "Ethereality.UDP\Ethereality.UDP.csproj", "{3FE78C1E-4AD9-4ED8-B6CF-847BD8D377D0}"
EndProject
Project("{FAE04EC0-301F-11D3-BF4B-00C04F79EFBC}") = "Ethereality.Status", "Ethereality.Status\Ethereality.Status.csproj", "{1FA71D68-47A8-4C70-924A-CB8E425ADEF4}"
EndProject
Project("{FAE04EC0-301F-11D3-BF4B-00C04F79EFBC}") = "Ethereality.Navigation", "Ethereality.Navigation\Ethereality.Navigation.csproj", "{55FFB72E-6504-442A-A136-027C70E05980}"
EndProject
Project("{FAE04EC0-301F-11D3-BF4B-00C04F79EFBC}") = "Ethereality.DataManagement", "Ethereality.DataManagement\Ethereality.DataManagement.csproj", "{0E73E64C-A0F9-451F-9898-F7DAD288B707}"
EndProject
Project("{FAE04EC0-301F-11D3-BF4B-00C04F79EFBC}") = "SPA", "SPA\SPA.csproj", "{5DA1E88D-24D6-47F0-9B60-08C3DA5CEF7F}"
EndProject
Project("{FAE04EC0-301F-11D3-BF4B-00C04F79EFBC}") = "Ethereality.FileService", "Ethereality.FileService\Ethereality.FileService.csproj", "{FB0C3F63-E329-4C42-9D50-4247D140EE53}"
EndProject
Project("{FAE04EC0-301F-11D3-BF4B-00C04F79EFBC}") = "Ethereality.CustomTypes", "Ethereality.DataTypes\Ethereality.CustomTypes.csproj", "{11998F3D-09D3-44CA-8552-B757C1E9365C}"
EndProject
Project("{FAE04EC0-301F-11D3-BF4B-00C04F79EFBC}") = "Etheriality.Constants", "Etheriality.Constants\Etheriality.Constants.csproj", "{9D41E1C3-63B2-47F0-86D7-4B7A054DF3A2}"
EndProject
Project("{FAE04EC0-301F-11D3-BF4B-00C04F79EFBC}") = "Ethereality.CustomControls", "Ethereality.CustomControls\Ethereality.CustomControls.csproj", "{FBC62DE3-EAE3-4958-B222-E9A00594D2C1}"
EndProject
Project("{FAE04EC0-301F-11D3-BF4B-00C04F79EFBC}") = "Ethereality.Views", "Ethereality.Views\Ethereality.Views.csproj", "{934C445A-A0E4-4B86-A3DB-D5568A5D3013}"
EndProject
Project("{FAE04EC0-301F-11D3-BF4B-00C04F79EFBC}") = "SerialCommunicationUWP", "SerialCommunicationUWP\SerialCommunicationUWP.csproj", "{3B81751D-B5AA-4B60-99FE-8B5A547268CB}"
EndProject
Project("{FAE04EC0-301F-11D3-BF4B-00C04F79EFBC}") = "Ethereality.Strategy", "Ethereality.Strategy\Ethereality.Strategy.csproj", "{770D3B71-21BD-4045-A5FE-484569AD4225}"
EndProject
Project("{FAE04EC0-301F-11D3-BF4B-00C04F79EFBC}") = "Ethereality.DataModels", "Ethereality.DataModels\Ethereality.DataModels.csproj", "{3B9D8AE9-4AAB-4F27-9775-B0EDB47452C8}"
EndProject
Global
	GlobalSection(SolutionConfigurationPlatforms) = preSolution
		Debug|Any CPU = Debug|Any CPU
		Debug|ARM = Debug|ARM
		Debug|x64 = Debug|x64
		Debug|x86 = Debug|x86
		Release|Any CPU = Release|Any CPU
		Release|ARM = Release|ARM
		Release|x64 = Release|x64
		Release|x86 = Release|x86
	EndGlobalSection
	GlobalSection(ProjectConfigurationPlatforms) = postSolution
		{D46225E9-874E-4B79-AB3A-46327423CADA}.Debug|Any CPU.ActiveCfg = Debug|x86
		{D46225E9-874E-4B79-AB3A-46327423CADA}.Debug|Any CPU.Build.0 = Debug|x86
		{D46225E9-874E-4B79-AB3A-46327423CADA}.Debug|ARM.ActiveCfg = Debug|ARM
		{D46225E9-874E-4B79-AB3A-46327423CADA}.Debug|ARM.Build.0 = Debug|ARM
		{D46225E9-874E-4B79-AB3A-46327423CADA}.Debug|ARM.Deploy.0 = Debug|ARM
		{D46225E9-874E-4B79-AB3A-46327423CADA}.Debug|x64.ActiveCfg = Debug|x64
		{D46225E9-874E-4B79-AB3A-46327423CADA}.Debug|x64.Build.0 = Debug|x64
		{D46225E9-874E-4B79-AB3A-46327423CADA}.Debug|x64.Deploy.0 = Debug|x64
		{D46225E9-874E-4B79-AB3A-46327423CADA}.Debug|x86.ActiveCfg = Debug|x86
		{D46225E9-874E-4B79-AB3A-46327423CADA}.Debug|x86.Build.0 = Debug|x86
		{D46225E9-874E-4B79-AB3A-46327423CADA}.Debug|x86.Deploy.0 = Debug|x86
		{D46225E9-874E-4B79-AB3A-46327423CADA}.Release|Any CPU.ActiveCfg = Release|x86
		{D46225E9-874E-4B79-AB3A-46327423CADA}.Release|ARM.ActiveCfg = Release|ARM
		{D46225E9-874E-4B79-AB3A-46327423CADA}.Release|ARM.Build.0 = Release|ARM
		{D46225E9-874E-4B79-AB3A-46327423CADA}.Release|ARM.Deploy.0 = Release|ARM
		{D46225E9-874E-4B79-AB3A-46327423CADA}.Release|x64.ActiveCfg = Release|x64
		{D46225E9-874E-4B79-AB3A-46327423CADA}.Release|x64.Build.0 = Release|x64
		{D46225E9-874E-4B79-AB3A-46327423CADA}.Release|x64.Deploy.0 = Release|x64
		{D46225E9-874E-4B79-AB3A-46327423CADA}.Release|x86.ActiveCfg = Release|x86
		{D46225E9-874E-4B79-AB3A-46327423CADA}.Release|x86.Build.0 = Release|x86
		{D46225E9-874E-4B79-AB3A-46327423CADA}.Release|x86.Deploy.0 = Release|x86
		{7CC7F97D-1620-480C-89E6-0D7126BB66CE}.Debug|Any CPU.ActiveCfg = Debug|Any CPU
		{7CC7F97D-1620-480C-89E6-0D7126BB66CE}.Debug|Any CPU.Build.0 = Debug|Any CPU
		{7CC7F97D-1620-480C-89E6-0D7126BB66CE}.Debug|ARM.ActiveCfg = Debug|ARM
		{7CC7F97D-1620-480C-89E6-0D7126BB66CE}.Debug|ARM.Build.0 = Debug|ARM
		{7CC7F97D-1620-480C-89E6-0D7126BB66CE}.Debug|x64.ActiveCfg = Debug|x64
		{7CC7F97D-1620-480C-89E6-0D7126BB66CE}.Debug|x64.Build.0 = Debug|x64
		{7CC7F97D-1620-480C-89E6-0D7126BB66CE}.Debug|x86.ActiveCfg = Debug|x86
		{7CC7F97D-1620-480C-89E6-0D7126BB66CE}.Debug|x86.Build.0 = Debug|x86
		{7CC7F97D-1620-480C-89E6-0D7126BB66CE}.Release|Any CPU.ActiveCfg = Release|Any CPU
		{7CC7F97D-1620-480C-89E6-0D7126BB66CE}.Release|Any CPU.Build.0 = Release|Any CPU
		{7CC7F97D-1620-480C-89E6-0D7126BB66CE}.Release|ARM.ActiveCfg = Release|ARM
		{7CC7F97D-1620-480C-89E6-0D7126BB66CE}.Release|ARM.Build.0 = Release|ARM
		{7CC7F97D-1620-480C-89E6-0D7126BB66CE}.Release|x64.ActiveCfg = Release|x64
		{7CC7F97D-1620-480C-89E6-0D7126BB66CE}.Release|x64.Build.0 = Release|x64
		{7CC7F97D-1620-480C-89E6-0D7126BB66CE}.Release|x86.ActiveCfg = Release|x86
		{7CC7F97D-1620-480C-89E6-0D7126BB66CE}.Release|x86.Build.0 = Release|x86
		{3FE78C1E-4AD9-4ED8-B6CF-847BD8D377D0}.Debug|Any CPU.ActiveCfg = Debug|Any CPU
		{3FE78C1E-4AD9-4ED8-B6CF-847BD8D377D0}.Debug|Any CPU.Build.0 = Debug|Any CPU
		{3FE78C1E-4AD9-4ED8-B6CF-847BD8D377D0}.Debug|ARM.ActiveCfg = Debug|ARM
		{3FE78C1E-4AD9-4ED8-B6CF-847BD8D377D0}.Debug|ARM.Build.0 = Debug|ARM
		{3FE78C1E-4AD9-4ED8-B6CF-847BD8D377D0}.Debug|x64.ActiveCfg = Debug|x64
		{3FE78C1E-4AD9-4ED8-B6CF-847BD8D377D0}.Debug|x64.Build.0 = Debug|x64
		{3FE78C1E-4AD9-4ED8-B6CF-847BD8D377D0}.Debug|x86.ActiveCfg = Debug|x86
		{3FE78C1E-4AD9-4ED8-B6CF-847BD8D377D0}.Debug|x86.Build.0 = Debug|x86
		{3FE78C1E-4AD9-4ED8-B6CF-847BD8D377D0}.Release|Any CPU.ActiveCfg = Release|Any CPU
		{3FE78C1E-4AD9-4ED8-B6CF-847BD8D377D0}.Release|Any CPU.Build.0 = Release|Any CPU
		{3FE78C1E-4AD9-4ED8-B6CF-847BD8D377D0}.Release|ARM.ActiveCfg = Release|ARM
		{3FE78C1E-4AD9-4ED8-B6CF-847BD8D377D0}.Release|ARM.Build.0 = Release|ARM
		{3FE78C1E-4AD9-4ED8-B6CF-847BD8D377D0}.Release|x64.ActiveCfg = Release|x64
		{3FE78C1E-4AD9-4ED8-B6CF-847BD8D377D0}.Release|x64.Build.0 = Release|x64
		{3FE78C1E-4AD9-4ED8-B6CF-847BD8D377D0}.Release|x86.ActiveCfg = Release|x86
		{3FE78C1E-4AD9-4ED8-B6CF-847BD8D377D0}.Release|x86.Build.0 = Release|x86
		{1FA71D68-47A8-4C70-924A-CB8E425ADEF4}.Debug|Any CPU.ActiveCfg = Debug|Any CPU
		{1FA71D68-47A8-4C70-924A-CB8E425ADEF4}.Debug|Any CPU.Build.0 = Debug|Any CPU
		{1FA71D68-47A8-4C70-924A-CB8E425ADEF4}.Debug|ARM.ActiveCfg = Debug|ARM
		{1FA71D68-47A8-4C70-924A-CB8E425ADEF4}.Debug|ARM.Build.0 = Debug|ARM
		{1FA71D68-47A8-4C70-924A-CB8E425ADEF4}.Debug|x64.ActiveCfg = Debug|x64
		{1FA71D68-47A8-4C70-924A-CB8E425ADEF4}.Debug|x64.Build.0 = Debug|x64
		{1FA71D68-47A8-4C70-924A-CB8E425ADEF4}.Debug|x86.ActiveCfg = Debug|x86
		{1FA71D68-47A8-4C70-924A-CB8E425ADEF4}.Debug|x86.Build.0 = Debug|x86
		{1FA71D68-47A8-4C70-924A-CB8E425ADEF4}.Release|Any CPU.ActiveCfg = Release|Any CPU
		{1FA71D68-47A8-4C70-924A-CB8E425ADEF4}.Release|Any CPU.Build.0 = Release|Any CPU
		{1FA71D68-47A8-4C70-924A-CB8E425ADEF4}.Release|ARM.ActiveCfg = Release|ARM
		{1FA71D68-47A8-4C70-924A-CB8E425ADEF4}.Release|ARM.Build.0 = Release|ARM
		{1FA71D68-47A8-4C70-924A-CB8E425ADEF4}.Release|x64.ActiveCfg = Release|x64
		{1FA71D68-47A8-4C70-924A-CB8E425ADEF4}.Release|x64.Build.0 = Release|x64
		{1FA71D68-47A8-4C70-924A-CB8E425ADEF4}.Release|x86.ActiveCfg = Release|x86
		{1FA71D68-47A8-4C70-924A-CB8E425ADEF4}.Release|x86.Build.0 = Release|x86
		{55FFB72E-6504-442A-A136-027C70E05980}.Debug|Any CPU.ActiveCfg = Debug|Any CPU
		{55FFB72E-6504-442A-A136-027C70E05980}.Debug|Any CPU.Build.0 = Debug|Any CPU
		{55FFB72E-6504-442A-A136-027C70E05980}.Debug|ARM.ActiveCfg = Debug|ARM
		{55FFB72E-6504-442A-A136-027C70E05980}.Debug|ARM.Build.0 = Debug|ARM
		{55FFB72E-6504-442A-A136-027C70E05980}.Debug|x64.ActiveCfg = Debug|x64
		{55FFB72E-6504-442A-A136-027C70E05980}.Debug|x64.Build.0 = Debug|x64
		{55FFB72E-6504-442A-A136-027C70E05980}.Debug|x86.ActiveCfg = Debug|x86
		{55FFB72E-6504-442A-A136-027C70E05980}.Debug|x86.Build.0 = Debug|x86
		{55FFB72E-6504-442A-A136-027C70E05980}.Release|Any CPU.ActiveCfg = Release|Any CPU
		{55FFB72E-6504-442A-A136-027C70E05980}.Release|Any CPU.Build.0 = Release|Any CPU
		{55FFB72E-6504-442A-A136-027C70E05980}.Release|ARM.ActiveCfg = Release|ARM
		{55FFB72E-6504-442A-A136-027C70E05980}.Release|ARM.Build.0 = Release|ARM
		{55FFB72E-6504-442A-A136-027C70E05980}.Release|x64.ActiveCfg = Release|x64
		{55FFB72E-6504-442A-A136-027C70E05980}.Release|x64.Build.0 = Release|x64
		{55FFB72E-6504-442A-A136-027C70E05980}.Release|x86.ActiveCfg = Release|x86
		{55FFB72E-6504-442A-A136-027C70E05980}.Release|x86.Build.0 = Release|x86
		{0E73E64C-A0F9-451F-9898-F7DAD288B707}.Debug|Any CPU.ActiveCfg = Debug|Any CPU
		{0E73E64C-A0F9-451F-9898-F7DAD288B707}.Debug|Any CPU.Build.0 = Debug|Any CPU
		{0E73E64C-A0F9-451F-9898-F7DAD288B707}.Debug|ARM.ActiveCfg = Debug|ARM
		{0E73E64C-A0F9-451F-9898-F7DAD288B707}.Debug|ARM.Build.0 = Debug|ARM
		{0E73E64C-A0F9-451F-9898-F7DAD288B707}.Debug|x64.ActiveCfg = Debug|x64
		{0E73E64C-A0F9-451F-9898-F7DAD288B707}.Debug|x64.Build.0 = Debug|x64
		{0E73E64C-A0F9-451F-9898-F7DAD288B707}.Debug|x86.ActiveCfg = Debug|x86
		{0E73E64C-A0F9-451F-9898-F7DAD288B707}.Debug|x86.Build.0 = Debug|x86
		{0E73E64C-A0F9-451F-9898-F7DAD288B707}.Release|Any CPU.ActiveCfg = Release|Any CPU
		{0E73E64C-A0F9-451F-9898-F7DAD288B707}.Release|Any CPU.Build.0 = Release|Any CPU
		{0E73E64C-A0F9-451F-9898-F7DAD288B707}.Release|ARM.ActiveCfg = Release|ARM
		{0E73E64C-A0F9-451F-9898-F7DAD288B707}.Release|ARM.Build.0 = Release|ARM
		{0E73E64C-A0F9-451F-9898-F7DAD288B707}.Release|x64.ActiveCfg = Release|x64
		{0E73E64C-A0F9-451F-9898-F7DAD288B707}.Release|x64.Build.0 = Release|x64
		{0E73E64C-A0F9-451F-9898-F7DAD288B707}.Release|x86.ActiveCfg = Release|x86
		{0E73E64C-A0F9-451F-9898-F7DAD288B707}.Release|x86.Build.0 = Release|x86
		{5DA1E88D-24D6-47F0-9B60-08C3DA5CEF7F}.Debug|Any CPU.ActiveCfg = Debug|Any CPU
		{5DA1E88D-24D6-47F0-9B60-08C3DA5CEF7F}.Debug|Any CPU.Build.0 = Debug|Any CPU
		{5DA1E88D-24D6-47F0-9B60-08C3DA5CEF7F}.Debug|ARM.ActiveCfg = Debug|ARM
		{5DA1E88D-24D6-47F0-9B60-08C3DA5CEF7F}.Debug|ARM.Build.0 = Debug|ARM
		{5DA1E88D-24D6-47F0-9B60-08C3DA5CEF7F}.Debug|x64.ActiveCfg = Debug|x64
		{5DA1E88D-24D6-47F0-9B60-08C3DA5CEF7F}.Debug|x64.Build.0 = Debug|x64
		{5DA1E88D-24D6-47F0-9B60-08C3DA5CEF7F}.Debug|x86.ActiveCfg = Debug|x86
		{5DA1E88D-24D6-47F0-9B60-08C3DA5CEF7F}.Debug|x86.Build.0 = Debug|x86
		{5DA1E88D-24D6-47F0-9B60-08C3DA5CEF7F}.Release|Any CPU.ActiveCfg = Release|Any CPU
		{5DA1E88D-24D6-47F0-9B60-08C3DA5CEF7F}.Release|Any CPU.Build.0 = Release|Any CPU
		{5DA1E88D-24D6-47F0-9B60-08C3DA5CEF7F}.Release|ARM.ActiveCfg = Release|ARM
		{5DA1E88D-24D6-47F0-9B60-08C3DA5CEF7F}.Release|ARM.Build.0 = Release|ARM
		{5DA1E88D-24D6-47F0-9B60-08C3DA5CEF7F}.Release|x64.ActiveCfg = Release|x64
		{5DA1E88D-24D6-47F0-9B60-08C3DA5CEF7F}.Release|x64.Build.0 = Release|x64
		{5DA1E88D-24D6-47F0-9B60-08C3DA5CEF7F}.Release|x86.ActiveCfg = Release|x86
		{5DA1E88D-24D6-47F0-9B60-08C3DA5CEF7F}.Release|x86.Build.0 = Release|x86
		{FB0C3F63-E329-4C42-9D50-4247D140EE53}.Debug|Any CPU.ActiveCfg = Debug|Any CPU
		{FB0C3F63-E329-4C42-9D50-4247D140EE53}.Debug|Any CPU.Build.0 = Debug|Any CPU
		{FB0C3F63-E329-4C42-9D50-4247D140EE53}.Debug|ARM.ActiveCfg = Debug|ARM
		{FB0C3F63-E329-4C42-9D50-4247D140EE53}.Debug|ARM.Build.0 = Debug|ARM
		{FB0C3F63-E329-4C42-9D50-4247D140EE53}.Debug|x64.ActiveCfg = Debug|x64
		{FB0C3F63-E329-4C42-9D50-4247D140EE53}.Debug|x64.Build.0 = Debug|x64
		{FB0C3F63-E329-4C42-9D50-4247D140EE53}.Debug|x86.ActiveCfg = Debug|x86
		{FB0C3F63-E329-4C42-9D50-4247D140EE53}.Debug|x86.Build.0 = Debug|x86
		{FB0C3F63-E329-4C42-9D50-4247D140EE53}.Release|Any CPU.ActiveCfg = Release|Any CPU
		{FB0C3F63-E329-4C42-9D50-4247D140EE53}.Release|Any CPU.Build.0 = Release|Any CPU
		{FB0C3F63-E329-4C42-9D50-4247D140EE53}.Release|ARM.ActiveCfg = Release|ARM
		{FB0C3F63-E329-4C42-9D50-4247D140EE53}.Release|ARM.Build.0 = Release|ARM
		{FB0C3F63-E329-4C42-9D50-4247D140EE53}.Release|x64.ActiveCfg = Release|x64
		{FB0C3F63-E329-4C42-9D50-4247D140EE53}.Release|x64.Build.0 = Release|x64
		{FB0C3F63-E329-4C42-9D50-4247D140EE53}.Release|x86.ActiveCfg = Release|x86
		{FB0C3F63-E329-4C42-9D50-4247D140EE53}.Release|x86.Build.0 = Release|x86
		{11998F3D-09D3-44CA-8552-B757C1E9365C}.Debug|Any CPU.ActiveCfg = Debug|Any CPU
		{11998F3D-09D3-44CA-8552-B757C1E9365C}.Debug|Any CPU.Build.0 = Debug|Any CPU
		{11998F3D-09D3-44CA-8552-B757C1E9365C}.Debug|ARM.ActiveCfg = Debug|ARM
		{11998F3D-09D3-44CA-8552-B757C1E9365C}.Debug|ARM.Build.0 = Debug|ARM
		{11998F3D-09D3-44CA-8552-B757C1E9365C}.Debug|x64.ActiveCfg = Debug|x64
		{11998F3D-09D3-44CA-8552-B757C1E9365C}.Debug|x64.Build.0 = Debug|x64
		{11998F3D-09D3-44CA-8552-B757C1E9365C}.Debug|x86.ActiveCfg = Debug|x86
		{11998F3D-09D3-44CA-8552-B757C1E9365C}.Debug|x86.Build.0 = Debug|x86
		{11998F3D-09D3-44CA-8552-B757C1E9365C}.Release|Any CPU.ActiveCfg = Release|Any CPU
		{11998F3D-09D3-44CA-8552-B757C1E9365C}.Release|Any CPU.Build.0 = Release|Any CPU
		{11998F3D-09D3-44CA-8552-B757C1E9365C}.Release|ARM.ActiveCfg = Release|ARM
		{11998F3D-09D3-44CA-8552-B757C1E9365C}.Release|ARM.Build.0 = Release|ARM
		{11998F3D-09D3-44CA-8552-B757C1E9365C}.Release|x64.ActiveCfg = Release|x64
		{11998F3D-09D3-44CA-8552-B757C1E9365C}.Release|x64.Build.0 = Release|x64
		{11998F3D-09D3-44CA-8552-B757C1E9365C}.Release|x86.ActiveCfg = Release|x86
		{11998F3D-09D3-44CA-8552-B757C1E9365C}.Release|x86.Build.0 = Release|x86
		{9D41E1C3-63B2-47F0-86D7-4B7A054DF3A2}.Debug|Any CPU.ActiveCfg = Debug|Any CPU
		{9D41E1C3-63B2-47F0-86D7-4B7A054DF3A2}.Debug|Any CPU.Build.0 = Debug|Any CPU
		{9D41E1C3-63B2-47F0-86D7-4B7A054DF3A2}.Debug|ARM.ActiveCfg = Debug|ARM
		{9D41E1C3-63B2-47F0-86D7-4B7A054DF3A2}.Debug|ARM.Build.0 = Debug|ARM
		{9D41E1C3-63B2-47F0-86D7-4B7A054DF3A2}.Debug|x64.ActiveCfg = Debug|x64
		{9D41E1C3-63B2-47F0-86D7-4B7A054DF3A2}.Debug|x64.Build.0 = Debug|x64
		{9D41E1C3-63B2-47F0-86D7-4B7A054DF3A2}.Debug|x86.ActiveCfg = Debug|x86
		{9D41E1C3-63B2-47F0-86D7-4B7A054DF3A2}.Debug|x86.Build.0 = Debug|x86
		{9D41E1C3-63B2-47F0-86D7-4B7A054DF3A2}.Release|Any CPU.ActiveCfg = Release|Any CPU
		{9D41E1C3-63B2-47F0-86D7-4B7A054DF3A2}.Release|Any CPU.Build.0 = Release|Any CPU
		{9D41E1C3-63B2-47F0-86D7-4B7A054DF3A2}.Release|ARM.ActiveCfg = Release|ARM
		{9D41E1C3-63B2-47F0-86D7-4B7A054DF3A2}.Release|ARM.Build.0 = Release|ARM
		{9D41E1C3-63B2-47F0-86D7-4B7A054DF3A2}.Release|x64.ActiveCfg = Release|x64
		{9D41E1C3-63B2-47F0-86D7-4B7A054DF3A2}.Release|x64.Build.0 = Release|x64
		{9D41E1C3-63B2-47F0-86D7-4B7A054DF3A2}.Release|x86.ActiveCfg = Release|x86
		{9D41E1C3-63B2-47F0-86D7-4B7A054DF3A2}.Release|x86.Build.0 = Release|x86
		{FBC62DE3-EAE3-4958-B222-E9A00594D2C1}.Debug|Any CPU.ActiveCfg = Debug|Any CPU
		{FBC62DE3-EAE3-4958-B222-E9A00594D2C1}.Debug|Any CPU.Build.0 = Debug|Any CPU
		{FBC62DE3-EAE3-4958-B222-E9A00594D2C1}.Debug|ARM.ActiveCfg = Debug|ARM
		{FBC62DE3-EAE3-4958-B222-E9A00594D2C1}.Debug|ARM.Build.0 = Debug|ARM
		{FBC62DE3-EAE3-4958-B222-E9A00594D2C1}.Debug|x64.ActiveCfg = Debug|x64
		{FBC62DE3-EAE3-4958-B222-E9A00594D2C1}.Debug|x64.Build.0 = Debug|x64
		{FBC62DE3-EAE3-4958-B222-E9A00594D2C1}.Debug|x86.ActiveCfg = Debug|x86
		{FBC62DE3-EAE3-4958-B222-E9A00594D2C1}.Debug|x86.Build.0 = Debug|x86
		{FBC62DE3-EAE3-4958-B222-E9A00594D2C1}.Release|Any CPU.ActiveCfg = Release|Any CPU
		{FBC62DE3-EAE3-4958-B222-E9A00594D2C1}.Release|Any CPU.Build.0 = Release|Any CPU
		{FBC62DE3-EAE3-4958-B222-E9A00594D2C1}.Release|ARM.ActiveCfg = Release|ARM
		{FBC62DE3-EAE3-4958-B222-E9A00594D2C1}.Release|ARM.Build.0 = Release|ARM
		{FBC62DE3-EAE3-4958-B222-E9A00594D2C1}.Release|x64.ActiveCfg = Release|x64
		{FBC62DE3-EAE3-4958-B222-E9A00594D2C1}.Release|x64.Build.0 = Release|x64
		{FBC62DE3-EAE3-4958-B222-E9A00594D2C1}.Release|x86.ActiveCfg = Release|x86
		{FBC62DE3-EAE3-4958-B222-E9A00594D2C1}.Release|x86.Build.0 = Release|x86
		{934C445A-A0E4-4B86-A3DB-D5568A5D3013}.Debug|Any CPU.ActiveCfg = Debug|Any CPU
		{934C445A-A0E4-4B86-A3DB-D5568A5D3013}.Debug|Any CPU.Build.0 = Debug|Any CPU
		{934C445A-A0E4-4B86-A3DB-D5568A5D3013}.Debug|ARM.ActiveCfg = Debug|ARM
		{934C445A-A0E4-4B86-A3DB-D5568A5D3013}.Debug|ARM.Build.0 = Debug|ARM
		{934C445A-A0E4-4B86-A3DB-D5568A5D3013}.Debug|x64.ActiveCfg = Debug|x64
		{934C445A-A0E4-4B86-A3DB-D5568A5D3013}.Debug|x64.Build.0 = Debug|x64
		{934C445A-A0E4-4B86-A3DB-D5568A5D3013}.Debug|x86.ActiveCfg = Debug|x86
		{934C445A-A0E4-4B86-A3DB-D5568A5D3013}.Debug|x86.Build.0 = Debug|x86
		{934C445A-A0E4-4B86-A3DB-D5568A5D3013}.Release|Any CPU.ActiveCfg = Release|Any CPU
		{934C445A-A0E4-4B86-A3DB-D5568A5D3013}.Release|Any CPU.Build.0 = Release|Any CPU
		{934C445A-A0E4-4B86-A3DB-D5568A5D3013}.Release|ARM.ActiveCfg = Release|ARM
		{934C445A-A0E4-4B86-A3DB-D5568A5D3013}.Release|ARM.Build.0 = Release|ARM
		{934C445A-A0E4-4B86-A3DB-D5568A5D3013}.Release|x64.ActiveCfg = Release|x64
		{934C445A-A0E4-4B86-A3DB-D5568A5D3013}.Release|x64.Build.0 = Release|x64
		{934C445A-A0E4-4B86-A3DB-D5568A5D3013}.Release|x86.ActiveCfg = Release|x86
		{934C445A-A0E4-4B86-A3DB-D5568A5D3013}.Release|x86.Build.0 = Release|x86
		{3B81751D-B5AA-4B60-99FE-8B5A547268CB}.Debug|Any CPU.ActiveCfg = Debug|Any CPU
		{3B81751D-B5AA-4B60-99FE-8B5A547268CB}.Debug|Any CPU.Build.0 = Debug|Any CPU
		{3B81751D-B5AA-4B60-99FE-8B5A547268CB}.Debug|ARM.ActiveCfg = Debug|ARM
		{3B81751D-B5AA-4B60-99FE-8B5A547268CB}.Debug|ARM.Build.0 = Debug|ARM
		{3B81751D-B5AA-4B60-99FE-8B5A547268CB}.Debug|x64.ActiveCfg = Debug|x64
		{3B81751D-B5AA-4B60-99FE-8B5A547268CB}.Debug|x64.Build.0 = Debug|x64
		{3B81751D-B5AA-4B60-99FE-8B5A547268CB}.Debug|x86.ActiveCfg = Debug|x86
		{3B81751D-B5AA-4B60-99FE-8B5A547268CB}.Debug|x86.Build.0 = Debug|x86
		{3B81751D-B5AA-4B60-99FE-8B5A547268CB}.Release|Any CPU.ActiveCfg = Release|Any CPU
		{3B81751D-B5AA-4B60-99FE-8B5A547268CB}.Release|Any CPU.Build.0 = Release|Any CPU
		{3B81751D-B5AA-4B60-99FE-8B5A547268CB}.Release|ARM.ActiveCfg = Release|ARM
		{3B81751D-B5AA-4B60-99FE-8B5A547268CB}.Release|ARM.Build.0 = Release|ARM
		{3B81751D-B5AA-4B60-99FE-8B5A547268CB}.Release|x64.ActiveCfg = Release|x64
		{3B81751D-B5AA-4B60-99FE-8B5A547268CB}.Release|x64.Build.0 = Release|x64
		{3B81751D-B5AA-4B60-99FE-8B5A547268CB}.Release|x86.ActiveCfg = Release|x86
		{3B81751D-B5AA-4B60-99FE-8B5A547268CB}.Release|x86.Build.0 = Release|x86
		{770D3B71-21BD-4045-A5FE-484569AD4225}.Debug|Any CPU.ActiveCfg = Debug|Any CPU
		{770D3B71-21BD-4045-A5FE-484569AD4225}.Debug|Any CPU.Build.0 = Debug|Any CPU
		{770D3B71-21BD-4045-A5FE-484569AD4225}.Debug|ARM.ActiveCfg = Debug|ARM
		{770D3B71-21BD-4045-A5FE-484569AD4225}.Debug|ARM.Build.0 = Debug|ARM
		{770D3B71-21BD-4045-A5FE-484569AD4225}.Debug|x64.ActiveCfg = Debug|x64
		{770D3B71-21BD-4045-A5FE-484569AD4225}.Debug|x64.Build.0 = Debug|x64
		{770D3B71-21BD-4045-A5FE-484569AD4225}.Debug|x86.ActiveCfg = Debug|x86
		{770D3B71-21BD-4045-A5FE-484569AD4225}.Debug|x86.Build.0 = Debug|x86
		{770D3B71-21BD-4045-A5FE-484569AD4225}.Release|Any CPU.ActiveCfg = Release|Any CPU
		{770D3B71-21BD-4045-A5FE-484569AD4225}.Release|Any CPU.Build.0 = Release|Any CPU
		{770D3B71-21BD-4045-A5FE-484569AD4225}.Release|ARM.ActiveCfg = Release|ARM
		{770D3B71-21BD-4045-A5FE-484569AD4225}.Release|ARM.Build.0 = Release|ARM
		{770D3B71-21BD-4045-A5FE-484569AD4225}.Release|x64.ActiveCfg = Release|x64
		{770D3B71-21BD-4045-A5FE-484569AD4225}.Release|x64.Build.0 = Release|x64
		{770D3B71-21BD-4045-A5FE-484569AD4225}.Release|x86.ActiveCfg = Release|x86
		{770D3B71-21BD-4045-A5FE-484569AD4225}.Release|x86.Build.0 = Release|x86
		{3B9D8AE9-4AAB-4F27-9775-B0EDB47452C8}.Debug|Any CPU.ActiveCfg = Debug|Any CPU
		{3B9D8AE9-4AAB-4F27-9775-B0EDB47452C8}.Debug|Any CPU.Build.0 = Debug|Any CPU
		{3B9D8AE9-4AAB-4F27-9775-B0EDB47452C8}.Debug|ARM.ActiveCfg = Debug|ARM
		{3B9D8AE9-4AAB-4F27-9775-B0EDB47452C8}.Debug|ARM.Build.0 = Debug|ARM
		{3B9D8AE9-4AAB-4F27-9775-B0EDB47452C8}.Debug|x64.ActiveCfg = Debug|x64
		{3B9D8AE9-4AAB-4F27-9775-B0EDB47452C8}.Debug|x64.Build.0 = Debug|x64
		{3B9D8AE9-4AAB-4F27-9775-B0EDB47452C8}.Debug|x86.ActiveCfg = Debug|x86
		{3B9D8AE9-4AAB-4F27-9775-B0EDB47452C8}.Debug|x86.Build.0 = Debug|x86
		{3B9D8AE9-4AAB-4F27-9775-B0EDB47452C8}.Release|Any CPU.ActiveCfg = Release|Any CPU
		{3B9D8AE9-4AAB-4F27-9775-B0EDB47452C8}.Release|Any CPU.Build.0 = Release|Any CPU
		{3B9D8AE9-4AAB-4F27-9775-B0EDB47452C8}.Release|ARM.ActiveCfg = Release|ARM
		{3B9D8AE9-4AAB-4F27-9775-B0EDB47452C8}.Release|ARM.Build.0 = Release|ARM
		{3B9D8AE9-4AAB-4F27-9775-B0EDB47452C8}.Release|x64.ActiveCfg = Release|x64
		{3B9D8AE9-4AAB-4F27-9775-B0EDB47452C8}.Release|x64.Build.0 = Release|x64
		{3B9D8AE9-4AAB-4F27-9775-B0EDB47452C8}.Release|x86.ActiveCfg = Release|x86
		{3B9D8AE9-4AAB-4F27-9775-B0EDB47452C8}.Release|x86.Build.0 = Release|x86
	EndGlobalSection
	GlobalSection(SolutionProperties) = preSolution
		HideSolutionNode = FALSE
	EndGlobalSection
EndGlobal
